// !$*UTF8*$!
{
	archiveVersion = 1;
	classes = {
	};
	objectVersion = 56;
	objects = {

/* Begin PBXBuildFile section */
		54BDAB8F2B9A940F00580EC2 /* CoinDataService.swift in Sources */ = {isa = PBXBuildFile; fileRef = 54BDAB8E2B9A940F00580EC2 /* CoinDataService.swift */; };
		54BDAB912B9A9D1C00580EC2 /* Coin.swift in Sources */ = {isa = PBXBuildFile; fileRef = 54BDAB902B9A9D1C00580EC2 /* Coin.swift */; };
		54E0CEF22B979CDE005E7726 /* CryptoNetworkingSwiftUIApp.swift in Sources */ = {isa = PBXBuildFile; fileRef = 54E0CEF12B979CDE005E7726 /* CryptoNetworkingSwiftUIApp.swift */; };
		54E0CEF42B979CDE005E7726 /* ContentView.swift in Sources */ = {isa = PBXBuildFile; fileRef = 54E0CEF32B979CDE005E7726 /* ContentView.swift */; };
		54E0CEF62B979CDF005E7726 /* Assets.xcassets in Resources */ = {isa = PBXBuildFile; fileRef = 54E0CEF52B979CDF005E7726 /* Assets.xcassets */; };
		54E0CEF92B979CDF005E7726 /* Preview Assets.xcassets in Resources */ = {isa = PBXBuildFile; fileRef = 54E0CEF82B979CDF005E7726 /* Preview Assets.xcassets */; };
		54E0CF062B979F2E005E7726 /* CoinViewModel.swift in Sources */ = {isa = PBXBuildFile; fileRef = 54E0CF052B979F2E005E7726 /* CoinViewModel.swift */; };
/* End PBXBuildFile section */

/* Begin PBXFileReference section */
		54BDAB8E2B9A940F00580EC2 /* CoinDataService.swift */ = {isa = PBXFileReference; lastKnownFileType = sourcecode.swift; path = CoinDataService.swift; sourceTree = "<group>"; };
		54BDAB902B9A9D1C00580EC2 /* Coin.swift */ = {isa = PBXFileReference; lastKnownFileType = sourcecode.swift; path = Coin.swift; sourceTree = "<group>"; };
		54E0CEEE2B979CDE005E7726 /* CryptoNetworkingSwiftUI.app */ = {isa = PBXFileReference; explicitFileType = wrapper.application; includeInIndex = 0; path = CryptoNetworkingSwiftUI.app; sourceTree = BUILT_PRODUCTS_DIR; };
		54E0CEF12B979CDE005E7726 /* CryptoNetworkingSwiftUIApp.swift */ = {isa = PBXFileReference; lastKnownFileType = sourcecode.swift; path = CryptoNetworkingSwiftUIApp.swift; sourceTree = "<group>"; };
		54E0CEF32B979CDE005E7726 /* ContentView.swift */ = {isa = PBXFileReference; lastKnownFileType = sourcecode.swift; path = ContentView.swift; sourceTree = "<group>"; };
		54E0CEF52B979CDF005E7726 /* Assets.xcassets */ = {isa = PBXFileReference; lastKnownFileType = folder.assetcatalog; path = Assets.xcassets; sourceTree = "<group>"; };
		54E0CEF82B979CDF005E7726 /* Preview Assets.xcassets */ = {isa = PBXFileReference; lastKnownFileType = folder.assetcatalog; path = "Preview Assets.xcassets"; sourceTree = "<group>"; };
		54E0CF052B979F2E005E7726 /* CoinViewModel.swift */ = {isa = PBXFileReference; lastKnownFileType = sourcecode.swift; path = CoinViewModel.swift; sourceTree = "<group>"; };
/* End PBXFileReference section */

/* Begin PBXFrameworksBuildPhase section */
		54E0CEEB2B979CDE005E7726 /* Frameworks */ = {
			isa = PBXFrameworksBuildPhase;
			buildActionMask = 2147483647;
			files = (
			);
			runOnlyForDeploymentPostprocessing = 0;
		};
/* End PBXFrameworksBuildPhase section */

/* Begin PBXGroup section */
		54BDAB8D2B9A940100580EC2 /* Service */ = {
			isa = PBXGroup;
			children = (
				54BDAB8E2B9A940F00580EC2 /* CoinDataService.swift */,
			);
			path = Service;
			sourceTree = "<group>";
		};
		54E0CEE52B979CDE005E7726 = {
			isa = PBXGroup;
			children = (
				54E0CEF02B979CDE005E7726 /* CryptoNetworkingSwiftUI */,
				54E0CEEF2B979CDE005E7726 /* Products */,
			);
			sourceTree = "<group>";
		};
		54E0CEEF2B979CDE005E7726 /* Products */ = {
			isa = PBXGroup;
			children = (
				54E0CEEE2B979CDE005E7726 /* CryptoNetworkingSwiftUI.app */,
			);
			name = Products;
			sourceTree = "<group>";
		};
		54E0CEF02B979CDE005E7726 /* CryptoNetworkingSwiftUI */ = {
			isa = PBXGroup;
			children = (
				54E0CEFF2B979D0F005E7726 /* App */,
				54E0CF002B979D1A005E7726 /* Core */,
				54E0CEF52B979CDF005E7726 /* Assets.xcassets */,
				54E0CEF72B979CDF005E7726 /* Preview Content */,
			);
			path = CryptoNetworkingSwiftUI;
			sourceTree = "<group>";
		};
		54E0CEF72B979CDF005E7726 /* Preview Content */ = {
			isa = PBXGroup;
			children = (
				54E0CEF82B979CDF005E7726 /* Preview Assets.xcassets */,
			);
			path = "Preview Content";
			sourceTree = "<group>";
		};
		54E0CEFF2B979D0F005E7726 /* App */ = {
			isa = PBXGroup;
			children = (
				54E0CEF12B979CDE005E7726 /* CryptoNetworkingSwiftUIApp.swift */,
			);
			path = App;
			sourceTree = "<group>";
		};
		54E0CF002B979D1A005E7726 /* Core */ = {
			isa = PBXGroup;
			children = (
				54E0CF012B979D25005E7726 /* AllCoins */,
			);
			path = Core;
			sourceTree = "<group>";
		};
		54E0CF012B979D25005E7726 /* AllCoins */ = {
			isa = PBXGroup;
			children = (
				54BDAB8D2B9A940100580EC2 /* Service */,
				54E0CF042B979D3B005E7726 /* Model */,
				54E0CF032B979D33005E7726 /* View */,
				54E0CF022B979D2F005E7726 /* ViewModels */,
			);
			path = AllCoins;
			sourceTree = "<group>";
		};
		54E0CF022B979D2F005E7726 /* ViewModels */ = {
			isa = PBXGroup;
			children = (
				54E0CF052B979F2E005E7726 /* CoinViewModel.swift */,
			);
			path = ViewModels;
			sourceTree = "<group>";
		};
		54E0CF032B979D33005E7726 /* View */ = {
			isa = PBXGroup;
			children = (
				54E0CEF32B979CDE005E7726 /* ContentView.swift */,
			);
			name = View;
			path = "New Group/View";
			sourceTree = "<group>";
		};
		54E0CF042B979D3B005E7726 /* Model */ = {
			isa = PBXGroup;
			children = (
				54BDAB902B9A9D1C00580EC2 /* Coin.swift */,
			);
			path = Model;
			sourceTree = "<group>";
		};
/* End PBXGroup section */

/* Begin PBXNativeTarget section */
		54E0CEED2B979CDE005E7726 /* CryptoNetworkingSwiftUI */ = {
			isa = PBXNativeTarget;
			buildConfigurationList = 54E0CEFC2B979CDF005E7726 /* Build configuration list for PBXNativeTarget "CryptoNetworkingSwiftUI" */;
			buildPhases = (
				54E0CEEA2B979CDE005E7726 /* Sources */,
				54E0CEEB2B979CDE005E7726 /* Frameworks */,
				54E0CEEC2B979CDE005E7726 /* Resources */,
			);
			buildRules = (
			);
			dependencies = (
			);
			name = CryptoNetworkingSwiftUI;
			productName = CryptoNetworkingSwiftUI;
			productReference = 54E0CEEE2B979CDE005E7726 /* CryptoNetworkingSwiftUI.app */;
			productType = "com.apple.product-type.application";
		};
/* End PBXNativeTarget section */

/* Begin PBXProject section */
		54E0CEE62B979CDE005E7726 /* Project object */ = {
			isa = PBXProject;
			attributes = {
				BuildIndependentTargetsInParallel = 1;
				LastSwiftUpdateCheck = 1520;
				LastUpgradeCheck = 1520;
				TargetAttributes = {
					54E0CEED2B979CDE005E7726 = {
						CreatedOnToolsVersion = 15.2;
					};
				};
			};
			buildConfigurationList = 54E0CEE92B979CDE005E7726 /* Build configuration list for PBXProject "CryptoNetworkingSwiftUI" */;
			compatibilityVersion = "Xcode 14.0";
			developmentRegion = en;
			hasScannedForEncodings = 0;
			knownRegions = (
				en,
				Base,
			);
			mainGroup = 54E0CEE52B979CDE005E7726;
			productRefGroup = 54E0CEEF2B979CDE005E7726 /* Products */;
			projectDirPath = "";
			projectRoot = "";
			targets = (
				54E0CEED2B979CDE005E7726 /* CryptoNetworkingSwiftUI */,
			);
		};
/* End PBXProject section */

/* Begin PBXResourcesBuildPhase section */
		54E0CEEC2B979CDE005E7726 /* Resources */ = {
			isa = PBXResourcesBuildPhase;
			buildActionMask = 2147483647;
			files = (
				54E0CEF92B979CDF005E7726 /* Preview Assets.xcassets in Resources */,
				54E0CEF62B979CDF005E7726 /* Assets.xcassets in Resources */,
			);
			runOnlyForDeploymentPostprocessing = 0;
		};
/* End PBXResourcesBuildPhase section */

/* Begin PBXSourcesBuildPhase section */
		54E0CEEA2B979CDE005E7726 /* Sources */ = {
			isa = PBXSourcesBuildPhase;
			buildActionMask = 2147483647;
			files = (
				54BDAB8F2B9A940F00580EC2 /* CoinDataService.swift in Sources */,
				54E0CF062B979F2E005E7726 /* CoinViewModel.swift in Sources */,
				54E0CEF42B979CDE005E7726 /* ContentView.swift in Sources */,
				54BDAB912B9A9D1C00580EC2 /* Coin.swift in Sources */,
				54E0CEF22B979CDE005E7726 /* CryptoNetworkingSwiftUIApp.swift in Sources */,
			);
			runOnlyForDeploymentPostprocessing = 0;
		};
/* End PBXSourcesBuildPhase section */

/* Begin XCBuildConfiguration section */
		54E0CEFA2B979CDF005E7726 /* Debug */ = {
			isa = XCBuildConfiguration;
			buildSettings = {
				ALWAYS_SEARCH_USER_PATHS = NO;
				ASSETCATALOG_COMPILER_GENERATE_SWIFT_ASSET_SYMBOL_EXTENSIONS = YES;
				CLANG_ANALYZER_NONNULL = YES;
				CLANG_ANALYZER_NUMBER_OBJECT_CONVERSION = YES_AGGRESSIVE;
				CLANG_CXX_LANGUAGE_STANDARD = "gnu++20";
				CLANG_ENABLE_MODULES = YES;
				CLANG_ENABLE_OBJC_ARC = YES;
				CLANG_ENABLE_OBJC_WEAK = YES;
				CLANG_WARN_BLOCK_CAPTURE_AUTORELEASING = YES;
				CLANG_WARN_BOOL_CONVERSION = YES;
				CLANG_WARN_COMMA = YES;
				CLANG_WARN_CONSTANT_CONVERSION = YES;
				CLANG_WARN_DEPRECATED_OBJC_IMPLEMENTATIONS = YES;
				CLANG_WARN_DIRECT_OBJC_ISA_USAGE = YES_ERROR;
				CLANG_WARN_DOCUMENTATION_COMMENTS = YES;
				CLANG_WARN_EMPTY_BODY = YES;
				CLANG_WARN_ENUM_CONVERSION = YES;
				CLANG_WARN_INFINITE_RECURSION = YES;
				CLANG_WARN_INT_CONVERSION = YES;
				CLANG_WARN_NON_LITERAL_NULL_CONVERSION = YES;
				CLANG_WARN_OBJC_IMPLICIT_RETAIN_SELF = YES;
				CLANG_WARN_OBJC_LITERAL_CONVERSION = YES;
				CLANG_WARN_OBJC_ROOT_CLASS = YES_ERROR;
				CLANG_WARN_QUOTED_INCLUDE_IN_FRAMEWORK_HEADER = YES;
				CLANG_WARN_RANGE_LOOP_ANALYSIS = YES;
				CLANG_WARN_STRICT_PROTOTYPES = YES;
				CLANG_WARN_SUSPICIOUS_MOVE = YES;
				CLANG_WARN_UNGUARDED_AVAILABILITY = YES_AGGRESSIVE;
				CLANG_WARN_UNREACHABLE_CODE = YES;
				CLANG_WARN__DUPLICATE_METHOD_MATCH = YES;
				COPY_PHASE_STRIP = NO;
				DEBUG_INFORMATION_FORMAT = dwarf;
				ENABLE_STRICT_OBJC_MSGSEND = YES;
				ENABLE_TESTABILITY = YES;
				ENABLE_USER_SCRIPT_SANDBOXING = YES;
				GCC_C_LANGUAGE_STANDARD = gnu17;
				GCC_DYNAMIC_NO_PIC = NO;
				GCC_NO_COMMON_BLOCKS = YES;
				GCC_OPTIMIZATION_LEVEL = 0;
				GCC_PREPROCESSOR_DEFINITIONS = (
					"DEBUG=1",
					"$(inherited)",
				);
				GCC_WARN_64_TO_32_BIT_CONVERSION = YES;
				GCC_WARN_ABOUT_RETURN_TYPE = YES_ERROR;
				GCC_WARN_UNDECLARED_SELECTOR = YES;
				GCC_WARN_UNINITIALIZED_AUTOS = YES_AGGRESSIVE;
				GCC_WARN_UNUSED_FUNCTION = YES;
				GCC_WARN_UNUSED_VARIABLE = YES;
				IPHONEOS_DEPLOYMENT_TARGET = 17.2;
				LOCALIZATION_PREFERS_STRING_CATALOGS = YES;
				MTL_ENABLE_DEBUG_INFO = INCLUDE_SOURCE;
				MTL_FAST_MATH = YES;
				ONLY_ACTIVE_ARCH = YES;
				SDKROOT = iphoneos;
				SWIFT_ACTIVE_COMPILATION_CONDITIONS = "DEBUG $(inherited)";
				SWIFT_OPTIMIZATION_LEVEL = "-Onone";
			};
			name = Debug;
		};
		54E0CEFB2B979CDF005E7726 /* Release */ = {
			isa = XCBuildConfiguration;
			buildSettings = {
				ALWAYS_SEARCH_USER_PATHS = NO;
				ASSETCATALOG_COMPILER_GENERATE_SWIFT_ASSET_SYMBOL_EXTENSIONS = YES;
				CLANG_ANALYZER_NONNULL = YES;
				CLANG_ANALYZER_NUMBER_OBJECT_CONVERSION = YES_AGGRESSIVE;
				CLANG_CXX_LANGUAGE_STANDARD = "gnu++20";
				CLANG_ENABLE_MODULES = YES;
				CLANG_ENABLE_OBJC_ARC = YES;
				CLANG_ENABLE_OBJC_WEAK = YES;
				CLANG_WARN_BLOCK_CAPTURE_AUTORELEASING = YES;
				CLANG_WARN_BOOL_CONVERSION = YES;
				CLANG_WARN_COMMA = YES;
				CLANG_WARN_CONSTANT_CONVERSION = YES;
				CLANG_WARN_DEPRECATED_OBJC_IMPLEMENTATIONS = YES;
				CLANG_WARN_DIRECT_OBJC_ISA_USAGE = YES_ERROR;
				CLANG_WARN_DOCUMENTATION_COMMENTS = YES;
				CLANG_WARN_EMPTY_BODY = YES;
				CLANG_WARN_ENUM_CONVERSION = YES;
				CLANG_WARN_INFINITE_RECURSION = YES;
				CLANG_WARN_INT_CONVERSION = YES;
				CLANG_WARN_NON_LITERAL_NULL_CONVERSION = YES;
				CLANG_WARN_OBJC_IMPLICIT_RETAIN_SELF = YES;
				CLANG_WARN_OBJC_LITERAL_CONVERSION = YES;
				CLANG_WARN_OBJC_ROOT_CLASS = YES_ERROR;
				CLANG_WARN_QUOTED_INCLUDE_IN_FRAMEWORK_HEADER = YES;
				CLANG_WARN_RANGE_LOOP_ANALYSIS = YES;
				CLANG_WARN_STRICT_PROTOTYPES = YES;
				CLANG_WARN_SUSPICIOUS_MOVE = YES;
				CLANG_WARN_UNGUARDED_AVAILABILITY = YES_AGGRESSIVE;
				CLANG_WARN_UNREACHABLE_CODE = YES;
				CLANG_WARN__DUPLICATE_METHOD_MATCH = YES;
				COPY_PHASE_STRIP = NO;
				DEBUG_INFORMATION_FORMAT = "dwarf-with-dsym";
				ENABLE_NS_ASSERTIONS = NO;
				ENABLE_STRICT_OBJC_MSGSEND = YES;
				ENABLE_USER_SCRIPT_SANDBOXING = YES;
				GCC_C_LANGUAGE_STANDARD = gnu17;
				GCC_NO_COMMON_BLOCKS = YES;
				GCC_WARN_64_TO_32_BIT_CONVERSION = YES;
				GCC_WARN_ABOUT_RETURN_TYPE = YES_ERROR;
				GCC_WARN_UNDECLARED_SELECTOR = YES;
				GCC_WARN_UNINITIALIZED_AUTOS = YES_AGGRESSIVE;
				GCC_WARN_UNUSED_FUNCTION = YES;
				GCC_WARN_UNUSED_VARIABLE = YES;
				IPHONEOS_DEPLOYMENT_TARGET = 17.2;
				LOCALIZATION_PREFERS_STRING_CATALOGS = YES;
				MTL_ENABLE_DEBUG_INFO = NO;
				MTL_FAST_MATH = YES;
				SDKROOT = iphoneos;
				SWIFT_COMPILATION_MODE = wholemodule;
				VALIDATE_PRODUCT = YES;
			};
			name = Release;
		};
		54E0CEFD2B979CDF005E7726 /* Debug */ = {
			isa = XCBuildConfiguration;
			buildSettings = {
				ASSETCATALOG_COMPILER_APPICON_NAME = AppIcon;
				ASSETCATALOG_COMPILER_GLOBAL_ACCENT_COLOR_NAME = AccentColor;
				CODE_SIGN_STYLE = Automatic;
				CURRENT_PROJECT_VERSION = 1;
				DEVELOPMENT_ASSET_PATHS = "\"CryptoNetworkingSwiftUI/Preview Content\"";
				DEVELOPMENT_TEAM = 362GN5DA84;
				ENABLE_PREVIEWS = YES;
				GENERATE_INFOPLIST_FILE = YES;
				INFOPLIST_KEY_UIApplicationSceneManifest_Generation = YES;
				INFOPLIST_KEY_UIApplicationSupportsIndirectInputEvents = YES;
				INFOPLIST_KEY_UILaunchScreen_Generation = YES;
				INFOPLIST_KEY_UISupportedInterfaceOrientations_iPad = "UIInterfaceOrientationPortrait UIInterfaceOrientationPortraitUpsideDown UIInterfaceOrientationLandscapeLeft UIInterfaceOrientationLandscapeRight";
				INFOPLIST_KEY_UISupportedInterfaceOrientations_iPhone = "UIInterfaceOrientationPortrait UIInterfaceOrientationLandscapeLeft UIInterfaceOrientationLandscapeRight";
				LD_RUNPATH_SEARCH_PATHS = (
					"$(inherited)",
					"@executable_path/Frameworks",
				);
				MARKETING_VERSION = 1.0;
				PRODUCT_BUNDLE_IDENTIFIER = co.jannnn444.CryptoNetworkingSwiftUI;
				PRODUCT_NAME = "$(TARGET_NAME)";
				SWIFT_EMIT_LOC_STRINGS = YES;
				SWIFT_VERSION = 5.0;
				TARGETED_DEVICE_FAMILY = "1,2";
			};
			name = Debug;
		};
		54E0CEFE2B979CDF005E7726 /* Release */ = {
			isa = XCBuildConfiguration;
			buildSettings = {
				ASSETCATALOG_COMPILER_APPICON_NAME = AppIcon;
				ASSETCATALOG_COMPILER_GLOBAL_ACCENT_COLOR_NAME = AccentColor;
				CODE_SIGN_STYLE = Automatic;
				CURRENT_PROJECT_VERSION = 1;
				DEVELOPMENT_ASSET_PATHS = "\"CryptoNetworkingSwiftUI/Preview Content\"";
				DEVELOPMENT_TEAM = 362GN5DA84;
				ENABLE_PREVIEWS = YES;
				GENERATE_INFOPLIST_FILE = YES;
				INFOPLIST_KEY_UIApplicationSceneManifest_Generation = YES;
				INFOPLIST_KEY_UIApplicationSupportsIndirectInputEvents = YES;
				INFOPLIST_KEY_UILaunchScreen_Generation = YES;
				INFOPLIST_KEY_UISupportedInterfaceOrientations_iPad = "UIInterfaceOrientationPortrait UIInterfaceOrientationPortraitUpsideDown UIInterfaceOrientationLandscapeLeft UIInterfaceOrientationLandscapeRight";
				INFOPLIST_KEY_UISupportedInterfaceOrientations_iPhone = "UIInterfaceOrientationPortrait UIInterfaceOrientationLandscapeLeft UIInterfaceOrientationLandscapeRight";
				LD_RUNPATH_SEARCH_PATHS = (
					"$(inherited)",
					"@executable_path/Frameworks",
				);
				MARKETING_VERSION = 1.0;
				PRODUCT_BUNDLE_IDENTIFIER = co.jannnn444.CryptoNetworkingSwiftUI;
				PRODUCT_NAME = "$(TARGET_NAME)";
				SWIFT_EMIT_LOC_STRINGS = YES;
				SWIFT_VERSION = 5.0;
				TARGETED_DEVICE_FAMILY = "1,2";
			};
			name = Release;
		};
/* End XCBuildConfiguration section */

/* Begin XCConfigurationList section */
		54E0CEE92B979CDE005E7726 /* Build configuration list for PBXProject "CryptoNetworkingSwiftUI" */ = {
			isa = XCConfigurationList;
			buildConfigurations = (
				54E0CEFA2B979CDF005E7726 /* Debug */,
				54E0CEFB2B979CDF005E7726 /* Release */,
			);
			defaultConfigurationIsVisible = 0;
			defaultConfigurationName = Release;
		};
		54E0CEFC2B979CDF005E7726 /* Build configuration list for PBXNativeTarget "CryptoNetworkingSwiftUI" */ = {
			isa = XCConfigurationList;
			buildConfigurations = (
				54E0CEFD2B979CDF005E7726 /* Debug */,
				54E0CEFE2B979CDF005E7726 /* Release */,
			);
			defaultConfigurationIsVisible = 0;
			defaultConfigurationName = Release;
		};
/* End XCConfigurationList section */
	};
	rootObject = 54E0CEE62B979CDE005E7726 /* Project object */;
}
